// !$*UTF8*$!
{
	archiveVersion = 1;
	classes = {
	};
	objectVersion = 46;
	objects = {

/* Begin PBXBuildFile section */
		5A03B9A81D1DDB9800E245C9 /* AppDelegate.swift in Sources */ = {isa = PBXBuildFile; fileRef = 5A03B9A71D1DDB9800E245C9 /* AppDelegate.swift */; };
		5A03B9AD1D1DDB9800E245C9 /* Main.storyboard in Resources */ = {isa = PBXBuildFile; fileRef = 5A03B9AB1D1DDB9800E245C9 /* Main.storyboard */; };
		5A03B9AF1D1DDB9800E245C9 /* Assets.xcassets in Resources */ = {isa = PBXBuildFile; fileRef = 5A03B9AE1D1DDB9800E245C9 /* Assets.xcassets */; };
		5A03B9B21D1DDB9800E245C9 /* LaunchScreen.storyboard in Resources */ = {isa = PBXBuildFile; fileRef = 5A03B9B01D1DDB9800E245C9 /* LaunchScreen.storyboard */; };
		5A12267C1D5A80BA006D49F1 /* STTableViewController.swift in Sources */ = {isa = PBXBuildFile; fileRef = 5A12267B1D5A80BA006D49F1 /* STTableViewController.swift */; };
		5A12267E1D5A94C3006D49F1 /* STTimerList.swift in Sources */ = {isa = PBXBuildFile; fileRef = 5A12267D1D5A94C3006D49F1 /* STTimerList.swift */; };
		5A4536841D298CA300E62273 /* STModalViewController.swift in Sources */ = {isa = PBXBuildFile; fileRef = 5A4536831D298CA300E62273 /* STModalViewController.swift */; };
		5A4DC9181D596D460009446B /* STSavedTimer.swift in Sources */ = {isa = PBXBuildFile; fileRef = 5A4DC9171D596D460009446B /* STSavedTimer.swift */; };
		5A591CE71D3A9F6100B9BD3D /* STTimeFormatter.swift in Sources */ = {isa = PBXBuildFile; fileRef = 5A591CE61D3A9F6100B9BD3D /* STTimeFormatter.swift */; };
		5A591CE91D3AA18E00B9BD3D /* STSoundController.swift in Sources */ = {isa = PBXBuildFile; fileRef = 5A591CE81D3AA18E00B9BD3D /* STSoundController.swift */; };
		5A871FFA1D6FC68900B08A05 /* STTableViewCell.swift in Sources */ = {isa = PBXBuildFile; fileRef = 5A871FF91D6FC68900B08A05 /* STTableViewCell.swift */; };
		5A9563E51D313BB100313EEF /* AudioCue_01.aif in Resources */ = {isa = PBXBuildFile; fileRef = 5A9563E31D313BB100313EEF /* AudioCue_01.aif */; };
		5A9563E61D313BB100313EEF /* AudioCue_02.aif in Resources */ = {isa = PBXBuildFile; fileRef = 5A9563E41D313BB100313EEF /* AudioCue_02.aif */; };
		5AB18AFA1D2058CA007B9D9F /* STViewController.swift in Sources */ = {isa = PBXBuildFile; fileRef = 5AB18AF91D2058CA007B9D9F /* STViewController.swift */; };
/* End PBXBuildFile section */

/* Begin PBXFileReference section */
		5A03B9A41D1DDB9800E245C9 /* SwipeTime.app */ = {isa = PBXFileReference; explicitFileType = wrapper.application; includeInIndex = 0; path = SwipeTime.app; sourceTree = BUILT_PRODUCTS_DIR; };
		5A03B9A71D1DDB9800E245C9 /* AppDelegate.swift */ = {isa = PBXFileReference; lastKnownFileType = sourcecode.swift; path = AppDelegate.swift; sourceTree = "<group>"; };
		5A03B9AC1D1DDB9800E245C9 /* Base */ = {isa = PBXFileReference; lastKnownFileType = file.storyboard; name = Base; path = Base.lproj/Main.storyboard; sourceTree = "<group>"; };
		5A03B9AE1D1DDB9800E245C9 /* Assets.xcassets */ = {isa = PBXFileReference; lastKnownFileType = folder.assetcatalog; path = Assets.xcassets; sourceTree = "<group>"; };
		5A03B9B11D1DDB9800E245C9 /* Base */ = {isa = PBXFileReference; lastKnownFileType = file.storyboard; name = Base; path = Base.lproj/LaunchScreen.storyboard; sourceTree = "<group>"; };
		5A03B9B31D1DDB9800E245C9 /* Info.plist */ = {isa = PBXFileReference; lastKnownFileType = text.plist.xml; path = Info.plist; sourceTree = "<group>"; };
		5A12267B1D5A80BA006D49F1 /* STTableViewController.swift */ = {isa = PBXFileReference; fileEncoding = 4; lastKnownFileType = sourcecode.swift; path = STTableViewController.swift; sourceTree = "<group>"; };
		5A12267D1D5A94C3006D49F1 /* STTimerList.swift */ = {isa = PBXFileReference; fileEncoding = 4; lastKnownFileType = sourcecode.swift; path = STTimerList.swift; sourceTree = "<group>"; };
		5A4536831D298CA300E62273 /* STModalViewController.swift */ = {isa = PBXFileReference; fileEncoding = 4; lastKnownFileType = sourcecode.swift; path = STModalViewController.swift; sourceTree = "<group>"; };
		5A4DC9171D596D460009446B /* STSavedTimer.swift */ = {isa = PBXFileReference; fileEncoding = 4; lastKnownFileType = sourcecode.swift; path = STSavedTimer.swift; sourceTree = "<group>"; };
		5A591CE61D3A9F6100B9BD3D /* STTimeFormatter.swift */ = {isa = PBXFileReference; fileEncoding = 4; lastKnownFileType = sourcecode.swift; path = STTimeFormatter.swift; sourceTree = "<group>"; };
		5A591CE81D3AA18E00B9BD3D /* STSoundController.swift */ = {isa = PBXFileReference; fileEncoding = 4; lastKnownFileType = sourcecode.swift; path = STSoundController.swift; sourceTree = "<group>"; };
		5A871FF91D6FC68900B08A05 /* STTableViewCell.swift */ = {isa = PBXFileReference; fileEncoding = 4; lastKnownFileType = sourcecode.swift; path = STTableViewCell.swift; sourceTree = "<group>"; };
		5A9563E31D313BB100313EEF /* AudioCue_01.aif */ = {isa = PBXFileReference; lastKnownFileType = file; path = AudioCue_01.aif; sourceTree = "<group>"; };
		5A9563E41D313BB100313EEF /* AudioCue_02.aif */ = {isa = PBXFileReference; lastKnownFileType = file; path = AudioCue_02.aif; sourceTree = "<group>"; };
		5AB18AF91D2058CA007B9D9F /* STViewController.swift */ = {isa = PBXFileReference; fileEncoding = 4; lastKnownFileType = sourcecode.swift; path = STViewController.swift; sourceTree = "<group>"; };
/* End PBXFileReference section */

/* Begin PBXFrameworksBuildPhase section */
		5A03B9A11D1DDB9800E245C9 /* Frameworks */ = {
			isa = PBXFrameworksBuildPhase;
			buildActionMask = 2147483647;
			files = (
			);
			runOnlyForDeploymentPostprocessing = 0;
		};
/* End PBXFrameworksBuildPhase section */

/* Begin PBXGroup section */
		5A03B99B1D1DDB9800E245C9 = {
			isa = PBXGroup;
			children = (
				5A03B9A61D1DDB9800E245C9 /* SwipeTime */,
				5A03B9A51D1DDB9800E245C9 /* Products */,
			);
			sourceTree = "<group>";
		};
		5A03B9A51D1DDB9800E245C9 /* Products */ = {
			isa = PBXGroup;
			children = (
				5A03B9A41D1DDB9800E245C9 /* SwipeTime.app */,
			);
			name = Products;
			sourceTree = "<group>";
		};
		5A03B9A61D1DDB9800E245C9 /* SwipeTime */ = {
			isa = PBXGroup;
			children = (
				5A03B9A71D1DDB9800E245C9 /* AppDelegate.swift */,
				5AB18AF91D2058CA007B9D9F /* STViewController.swift */,
				5A12267B1D5A80BA006D49F1 /* STTableViewController.swift */,
				5A871FF91D6FC68900B08A05 /* STTableViewCell.swift */,
				5A4536831D298CA300E62273 /* STModalViewController.swift */,
				5A4DC9171D596D460009446B /* STSavedTimer.swift */,
				5A12267D1D5A94C3006D49F1 /* STTimerList.swift */,
				5A591CE61D3A9F6100B9BD3D /* STTimeFormatter.swift */,
				5A591CE81D3AA18E00B9BD3D /* STSoundController.swift */,
				5A03B9AB1D1DDB9800E245C9 /* Main.storyboard */,
				5A03B9AE1D1DDB9800E245C9 /* Assets.xcassets */,
				5A03B9B01D1DDB9800E245C9 /* LaunchScreen.storyboard */,
				5A03B9B31D1DDB9800E245C9 /* Info.plist */,
				5A9563E31D313BB100313EEF /* AudioCue_01.aif */,
				5A9563E41D313BB100313EEF /* AudioCue_02.aif */,
			);
			path = SwipeTime;
			sourceTree = "<group>";
		};
/* End PBXGroup section */

/* Begin PBXNativeTarget section */
		5A03B9A31D1DDB9800E245C9 /* SwipeTime */ = {
			isa = PBXNativeTarget;
			buildConfigurationList = 5A03B9B61D1DDB9800E245C9 /* Build configuration list for PBXNativeTarget "SwipeTime" */;
			buildPhases = (
				5A03B9A01D1DDB9800E245C9 /* Sources */,
				5A03B9A11D1DDB9800E245C9 /* Frameworks */,
				5A03B9A21D1DDB9800E245C9 /* Resources */,
			);
			buildRules = (
			);
			dependencies = (
			);
			name = SwipeTime;
			productName = SwipeTime;
			productReference = 5A03B9A41D1DDB9800E245C9 /* SwipeTime.app */;
			productType = "com.apple.product-type.application";
		};
/* End PBXNativeTarget section */

/* Begin PBXProject section */
		5A03B99C1D1DDB9800E245C9 /* Project object */ = {
			isa = PBXProject;
			attributes = {
				LastSwiftUpdateCheck = 0730;
				LastUpgradeCheck = 0800;
				ORGANIZATIONNAME = "Alan Kantz";
				TargetAttributes = {
					5A03B9A31D1DDB9800E245C9 = {
						CreatedOnToolsVersion = 7.3.1;
						DevelopmentTeam = 97HM35W3Q3;
						LastSwiftMigration = 0800;
					};
				};
			};
			buildConfigurationList = 5A03B99F1D1DDB9800E245C9 /* Build configuration list for PBXProject "SwipeTime" */;
			compatibilityVersion = "Xcode 3.2";
			developmentRegion = English;
			hasScannedForEncodings = 0;
			knownRegions = (
				en,
				Base,
			);
			mainGroup = 5A03B99B1D1DDB9800E245C9;
			productRefGroup = 5A03B9A51D1DDB9800E245C9 /* Products */;
			projectDirPath = "";
			projectRoot = "";
			targets = (
				5A03B9A31D1DDB9800E245C9 /* SwipeTime */,
			);
		};
/* End PBXProject section */

/* Begin PBXResourcesBuildPhase section */
		5A03B9A21D1DDB9800E245C9 /* Resources */ = {
			isa = PBXResourcesBuildPhase;
			buildActionMask = 2147483647;
			files = (
				5A9563E51D313BB100313EEF /* AudioCue_01.aif in Resources */,
				5A03B9B21D1DDB9800E245C9 /* LaunchScreen.storyboard in Resources */,
				5A9563E61D313BB100313EEF /* AudioCue_02.aif in Resources */,
				5A03B9AF1D1DDB9800E245C9 /* Assets.xcassets in Resources */,
				5A03B9AD1D1DDB9800E245C9 /* Main.storyboard in Resources */,
			);
			runOnlyForDeploymentPostprocessing = 0;
		};
/* End PBXResourcesBuildPhase section */

/* Begin PBXSourcesBuildPhase section */
		5A03B9A01D1DDB9800E245C9 /* Sources */ = {
			isa = PBXSourcesBuildPhase;
			buildActionMask = 2147483647;
			files = (
				5A12267E1D5A94C3006D49F1 /* STTimerList.swift in Sources */,
				5A03B9A81D1DDB9800E245C9 /* AppDelegate.swift in Sources */,
				5AB18AFA1D2058CA007B9D9F /* STViewController.swift in Sources */,
				5A4DC9181D596D460009446B /* STSavedTimer.swift in Sources */,
				5A591CE91D3AA18E00B9BD3D /* STSoundController.swift in Sources */,
				5A871FFA1D6FC68900B08A05 /* STTableViewCell.swift in Sources */,
				5A591CE71D3A9F6100B9BD3D /* STTimeFormatter.swift in Sources */,
				5A4536841D298CA300E62273 /* STModalViewController.swift in Sources */,
				5A12267C1D5A80BA006D49F1 /* STTableViewController.swift in Sources */,
			);
			runOnlyForDeploymentPostprocessing = 0;
		};
/* End PBXSourcesBuildPhase section */

/* Begin PBXVariantGroup section */
		5A03B9AB1D1DDB9800E245C9 /* Main.storyboard */ = {
			isa = PBXVariantGroup;
			children = (
				5A03B9AC1D1DDB9800E245C9 /* Base */,
			);
			name = Main.storyboard;
			sourceTree = "<group>";
		};
		5A03B9B01D1DDB9800E245C9 /* LaunchScreen.storyboard */ = {
			isa = PBXVariantGroup;
			children = (
				5A03B9B11D1DDB9800E245C9 /* Base */,
			);
			name = LaunchScreen.storyboard;
			sourceTree = "<group>";
		};
/* End PBXVariantGroup section */

/* Begin XCBuildConfiguration section */
		5A03B9B41D1DDB9800E245C9 /* Debug */ = {
			isa = XCBuildConfiguration;
			buildSettings = {
				ALWAYS_SEARCH_USER_PATHS = NO;
				CLANG_ANALYZER_NONNULL = YES;
				CLANG_CXX_LANGUAGE_STANDARD = "gnu++0x";
				CLANG_CXX_LIBRARY = "libc++";
				CLANG_ENABLE_MODULES = YES;
				CLANG_ENABLE_OBJC_ARC = YES;
				CLANG_WARN_BOOL_CONVERSION = YES;
				CLANG_WARN_CONSTANT_CONVERSION = YES;
				CLANG_WARN_DIRECT_OBJC_ISA_USAGE = YES_ERROR;
				CLANG_WARN_EMPTY_BODY = YES;
				CLANG_WARN_ENUM_CONVERSION = YES;
				CLANG_WARN_INFINITE_RECURSION = YES;
				CLANG_WARN_INT_CONVERSION = YES;
				CLANG_WARN_OBJC_ROOT_CLASS = YES_ERROR;
				CLANG_WARN_SUSPICIOUS_MOVE = YES;
				CLANG_WARN_UNREACHABLE_CODE = YES;
				CLANG_WARN__DUPLICATE_METHOD_MATCH = YES;
				"CODE_SIGN_IDENTITY[sdk=iphoneos*]" = "iPhone Developer";
				COPY_PHASE_STRIP = NO;
				DEBUG_INFORMATION_FORMAT = dwarf;
				EMBED_ASSET_PACKS_IN_PRODUCT_BUNDLE = NO;
				ENABLE_STRICT_OBJC_MSGSEND = YES;
				ENABLE_TESTABILITY = YES;
				GCC_C_LANGUAGE_STANDARD = gnu99;
				GCC_DYNAMIC_NO_PIC = NO;
				GCC_NO_COMMON_BLOCKS = YES;
				GCC_OPTIMIZATION_LEVEL = 0;
				GCC_PREPROCESSOR_DEFINITIONS = (
					"DEBUG=1",
					"$(inherited)",
				);
				GCC_WARN_64_TO_32_BIT_CONVERSION = YES;
				GCC_WARN_ABOUT_RETURN_TYPE = YES_ERROR;
				GCC_WARN_UNDECLARED_SELECTOR = YES;
				GCC_WARN_UNINITIALIZED_AUTOS = YES_AGGRESSIVE;
				GCC_WARN_UNUSED_FUNCTION = YES;
				GCC_WARN_UNUSED_VARIABLE = YES;
				IPHONEOS_DEPLOYMENT_TARGET = 10.0;
				MTL_ENABLE_DEBUG_INFO = YES;
				ONLY_ACTIVE_ARCH = YES;
				SDKROOT = iphoneos;
				SWIFT_OPTIMIZATION_LEVEL = "-Onone";
			};
			name = Debug;
		};
		5A03B9B51D1DDB9800E245C9 /* Release */ = {
			isa = XCBuildConfiguration;
			buildSettings = {
				ALWAYS_SEARCH_USER_PATHS = NO;
				CLANG_ANALYZER_NONNULL = YES;
				CLANG_CXX_LANGUAGE_STANDARD = "gnu++0x";
				CLANG_CXX_LIBRARY = "libc++";
				CLANG_ENABLE_MODULES = YES;
				CLANG_ENABLE_OBJC_ARC = YES;
				CLANG_WARN_BOOL_CONVERSION = YES;
				CLANG_WARN_CONSTANT_CONVERSION = YES;
				CLANG_WARN_DIRECT_OBJC_ISA_USAGE = YES_ERROR;
				CLANG_WARN_EMPTY_BODY = YES;
				CLANG_WARN_ENUM_CONVERSION = YES;
				CLANG_WARN_INFINITE_RECURSION = YES;
				CLANG_WARN_INT_CONVERSION = YES;
				CLANG_WARN_OBJC_ROOT_CLASS = YES_ERROR;
				CLANG_WARN_SUSPICIOUS_MOVE = YES;
				CLANG_WARN_UNREACHABLE_CODE = YES;
				CLANG_WARN__DUPLICATE_METHOD_MATCH = YES;
				"CODE_SIGN_IDENTITY[sdk=iphoneos*]" = "iPhone Developer";
				COPY_PHASE_STRIP = NO;
				DEBUG_INFORMATION_FORMAT = "dwarf-with-dsym";
				EMBED_ASSET_PACKS_IN_PRODUCT_BUNDLE = NO;
				ENABLE_NS_ASSERTIONS = NO;
				ENABLE_STRICT_OBJC_MSGSEND = YES;
				GCC_C_LANGUAGE_STANDARD = gnu99;
				GCC_NO_COMMON_BLOCKS = YES;
				GCC_WARN_64_TO_32_BIT_CONVERSION = YES;
				GCC_WARN_ABOUT_RETURN_TYPE = YES_ERROR;
				GCC_WARN_UNDECLARED_SELECTOR = YES;
				GCC_WARN_UNINITIALIZED_AUTOS = YES_AGGRESSIVE;
				GCC_WARN_UNUSED_FUNCTION = YES;
				GCC_WARN_UNUSED_VARIABLE = YES;
				IPHONEOS_DEPLOYMENT_TARGET = 10.0;
				MTL_ENABLE_DEBUG_INFO = NO;
				SDKROOT = iphoneos;
				SWIFT_OPTIMIZATION_LEVEL = "-Owholemodule";
				VALIDATE_PRODUCT = YES;
			};
			name = Release;
		};
		5A03B9B71D1DDB9800E245C9 /* Debug */ = {
			isa = XCBuildConfiguration;
			buildSettings = {
				ASSETCATALOG_COMPILER_APPICON_NAME = AppIcon;
				CODE_SIGN_IDENTITY = "iPhone Developer";
				"CODE_SIGN_IDENTITY[sdk=iphoneos*]" = "iPhone Developer";
				EMBED_ASSET_PACKS_IN_PRODUCT_BUNDLE = NO;
				INFOPLIST_FILE = SwipeTime/Info.plist;
				LD_RUNPATH_SEARCH_PATHS = "$(inherited) @executable_path/Frameworks";
				PRODUCT_BUNDLE_IDENTIFIER = com.asciilus.SwipeTime;
				PRODUCT_NAME = "$(TARGET_NAME)";
				PROVISIONING_PROFILE = "";
				SWIFT_VERSION = 3.0;
				TARGETED_DEVICE_FAMILY = "1,2";
			};
			name = Debug;
		};
		5A03B9B81D1DDB9800E245C9 /* Release */ = {
			isa = XCBuildConfiguration;
			buildSettings = {
				ASSETCATALOG_COMPILER_APPICON_NAME = AppIcon;
				CODE_SIGN_IDENTITY = "iPhone Developer";
				"CODE_SIGN_IDENTITY[sdk=iphoneos*]" = "iPhone Developer";
				EMBED_ASSET_PACKS_IN_PRODUCT_BUNDLE = NO;
				INFOPLIST_FILE = SwipeTime/Info.plist;
				LD_RUNPATH_SEARCH_PATHS = "$(inherited) @executable_path/Frameworks";
				PRODUCT_BUNDLE_IDENTIFIER = com.asciilus.SwipeTime;
				PRODUCT_NAME = "$(TARGET_NAME)";
				PROVISIONING_PROFILE = "";
				SWIFT_VERSION = 3.0;
				TARGETED_DEVICE_FAMILY = "1,2";
			};
			name = Release;
		};
/* End XCBuildConfiguration section */

/* Begin XCConfigurationList section */
		5A03B99F1D1DDB9800E245C9 /* Build configuration list for PBXProject "SwipeTime" */ = {
			isa = XCConfigurationList;
			buildConfigurations = (
				5A03B9B41D1DDB9800E245C9 /* Debug */,
				5A03B9B51D1DDB9800E245C9 /* Release */,
			);
			defaultConfigurationIsVisible = 0;
			defaultConfigurationName = Release;
		};
		5A03B9B61D1DDB9800E245C9 /* Build configuration list for PBXNativeTarget "SwipeTime" */ = {
			isa = XCConfigurationList;
			buildConfigurations = (
				5A03B9B71D1DDB9800E245C9 /* Debug */,
				5A03B9B81D1DDB9800E245C9 /* Release */,
			);
			defaultConfigurationIsVisible = 0;
			defaultConfigurationName = Release;
		};
/* End XCConfigurationList section */
	};
	rootObject = 5A03B99C1D1DDB9800E245C9 /* Project object */;
}
